// !$*UTF8*$!
{
	archiveVersion = 1;
	classes = {
	};
	objectVersion = 71;
	objects = {

/* Begin PBXBuildFile section */
		3DA7DEBB2D7D33B9005AA052 /* CodeScanner in Frameworks */ = {isa = PBXBuildFile; productRef = 3DA7DEBA2D7D33B9005AA052 /* CodeScanner */; };
		3DD9D00C2D7CB7A1000647E8 /* TMDb in Frameworks */ = {isa = PBXBuildFile; productRef = 3DD9D00B2D7CB7A1000647E8 /* TMDb */; };
		3DD9D00F2D7CC9C7000647E8 /* TMDBSwift in Frameworks */ = {isa = PBXBuildFile; productRef = 3DD9D00E2D7CC9C7000647E8 /* TMDBSwift */; };
		3DD9D01B2D7CD73E000647E8 /* TMDb in Frameworks */ = {isa = PBXBuildFile; productRef = 3DD9D01A2D7CD73E000647E8 /* TMDb */; };
/* End PBXBuildFile section */

/* Begin PBXFileReference section */
		3D4C53652A4FD13D003E334F /* Stash House.app */ = {isa = PBXFileReference; explicitFileType = wrapper.application; includeInIndex = 0; path = "Stash House.app"; sourceTree = BUILT_PRODUCTS_DIR; };
/* End PBXFileReference section */

/* Begin PBXFileSystemSynchronizedBuildFileExceptionSet section */
		3D8441EE2D7CF1CF00C70DEE /* PBXFileSystemSynchronizedBuildFileExceptionSet */ = {
			isa = PBXFileSystemSynchronizedBuildFileExceptionSet;
			membershipExceptions = (
				"Configuration Files/Config.xcconfig",
				"Configuration Files/Stash-House-Info.plist",
			);
			target = 3D4C53642A4FD13D003E334F /* Stash House */;
		};
		3DB86E572D9E43C30077C085 /* PBXFileSystemSynchronizedBuildFileExceptionSet */ = {
			isa = PBXFileSystemSynchronizedBuildFileExceptionSet;
			membershipExceptions = (
				"collection types/cards/gamesjson/cardsdocuments.json",
				"collection types/cards/gamesjson/cardsmetadata.json",
				"collection types/games/gamesjson/gamesdocuments.json",
				"collection types/games/gamesjson/gamesmetadata.json",
				"collection types/games/gamesmedia/0BF3955F-AF28-4378-B00F-2F95CA097FE2.jpg",
				"collection types/games/gamesmedia/1AACA02A-9DE9-4736-971C-AFC94E7725B8.jpg",
				"collection types/games/gamesmedia/3CD8753A-FA5E-4F9D-B633-10735F1B4214.jpg",
				"collection types/games/gamesmedia/4B3A0F72-5931-4BF1-B4F6-CCD3D844A35F.jpg",
				"collection types/games/gamesmedia/39E8F1EB-4334-4EA8-9C63-B1B621F9002B.jpg",
				"collection types/games/gamesmedia/70F3BD52-8251-4193-ACCA-5328AFDF81DD.jpg",
				"collection types/games/gamesmedia/83ACE7C8-A660-43DC-A667-394EE8100D9A.jpg",
				"collection types/games/gamesmedia/109AAF9D-11E9-4BD6-93F1-F77E9721BEDF.jpg",
				"collection types/games/gamesmedia/419EE98F-8721-455D-9DBE-67B740F535CD.jpg",
				"collection types/games/gamesmedia/4118C31D-79C7-47D7-A4AD-308B75C8983F.jpg",
				"collection types/games/gamesmedia/6016D8A0-C526-4D24-9345-238052C742B9.jpg",
				"collection types/games/gamesmedia/69236068-2FBC-4996-AA77-3E62E448354A.jpg",
				"collection types/games/gamesmedia/A4DC2D28-5ED1-437C-8F27-A2C5F81244C7.jpg",
				"collection types/games/gamesmedia/AB050B0B-6F5B-4AC2-933A-464366CE113B.jpg",
				"collection types/games/gamesmedia/ACBA70F2-2A60-4A5F-9716-109874E69849.jpg",
				"collection types/games/gamesmedia/D3F3C80D-B1A5-4736-BBDF-81385FECD421.jpg",
				"collection types/games/gamesmedia/D4FE3542-C6E4-42A2-B756-4F1F7B41670C.jpg",
				"collection types/games/gamesmedia/D77C1509-6A02-41BC-BD96-76E1F1567033.jpg",
				"collection types/games/gamesmedia/E3A1B708-ABA9-4135-9EF8-60923D972ECF.jpg",
				"collection types/games/gamesmedia/E8CACFD4-6F8B-4B46-B9C1-02DBE0E3D7AC.jpg",
				"collection types/games/gamesmedia/E5833ECB-C347-4197-9597-63BC3B22C1EC.jpg",
				"collection types/games/gamesmedia/EE6A3AB4-B331-4CAF-83E8-B4195C1574AB.jpg",
				"collection types/games/gamesmedia/EE37E879-B7FC-44FA-8734-6B5A63EACD80.jpg",
				"collection types/games/gamesmedia/F7F56E76-08A0-4FFD-8162-A98673EF96C1.jpg",
				"collection types/games/gamesmedia/FECCB8C4-B8D6-4C10-AEE7-E78A9990AF75.jpg",
				"collection types/movies/moviesjson/documents.json",
				"collection types/movies/moviesjson/metadata.json",
				"collection types/movies/moviesmedia/0A9A36ED-1729-4B00-8ED9-3058D1BCEB9F.jpg",
				"collection types/movies/moviesmedia/0B7CF17E-1DFB-46D3-840C-C6317A0E8E6D.jpg",
				"collection types/movies/moviesmedia/0E54FF5D-B505-4619-9345-9A46EB663DF3.jpg",
				"collection types/movies/moviesmedia/0E393C1C-26BD-42CA-93E5-4B94FCDB480B.jpg",
				"collection types/movies/moviesmedia/1A779A84-472C-4481-A2D7-246E86E09D26.jpg",
				"collection types/movies/moviesmedia/1AD93873-C6D9-4658-B3CD-AB37B0D53EB9.jpg",
				"collection types/movies/moviesmedia/1AE679BF-8966-4524-B9D7-493F85BCF1B8.jpg",
				"collection types/movies/moviesmedia/01C20780-1F3E-4E5A-B68E-A01A60F5CE09.jpg",
				"collection types/movies/moviesmedia/1CB692D4-6843-4A6E-ABBB-056CE0542072.jpg",
				"collection types/movies/moviesmedia/1E7AE2E8-7B79-4CCB-9AC5-62F21BEB992D.jpg",
				"collection types/movies/moviesmedia/1E7083AC-D156-42AC-9466-C020009C4C64.jpg",
				"collection types/movies/moviesmedia/2B0D17E1-53C0-43B7-A6F6-58E8B4E3E32D.jpg",
				"collection types/movies/moviesmedia/2C7D03A6-112F-47BE-8B75-F92DFA564FA8.jpg",
				"collection types/movies/moviesmedia/2DA99F15-4F8E-4B7E-9455-36FBD6DB470D.jpg",
				"collection types/movies/moviesmedia/2E207798-0D29-4806-80BD-FFD0009022D6.jpg",
				"collection types/movies/moviesmedia/2F0E6634-82F6-45E6-8F46-33A2C50BDF63.jpg",
				"collection types/movies/moviesmedia/2FD2956F-5B90-4DD3-A59D-E40110814CD2.jpg",
				"collection types/movies/moviesmedia/3A2E96C7-75A9-4A99-BD26-C1406426521E.jpg",
				"collection types/movies/moviesmedia/3A9A098A-1111-4AEF-9714-6F4FE917FBA9.jpg",
				"collection types/movies/moviesmedia/3B29D4D3-9299-4119-95E5-63C93CE8A101.jpg",
				"collection types/movies/moviesmedia/3E2B419D-DDF2-47D0-8355-661CA631C57B.jpg",
				"collection types/movies/moviesmedia/3E3A0645-DC22-4780-BAB4-773535449FF7.jpg",
				"collection types/movies/moviesmedia/3E93EBAC-3720-45D6-A8F6-65F41BD5B8D9.jpg",
				"collection types/movies/moviesmedia/3ED70FF5-7A7C-4F63-BCA2-C1B0911A1C43.jpg",
				"collection types/movies/moviesmedia/3EF63541-68A6-426A-9D5C-D648FEC7D9D2.jpg",
				"collection types/movies/moviesmedia/3F9038ED-5114-40EC-9CD3-00EA75E14099.jpg",
				"collection types/movies/moviesmedia/3FB74418-A465-42CF-A21B-54DCB3DA260F.jpg",
				"collection types/movies/moviesmedia/4AF58EF9-9376-4B46-8B40-998EE9EBBAEA.jpg",
				"collection types/movies/moviesmedia/4CA04075-6100-41C0-8323-656113A65A19.jpg",
				"collection types/movies/moviesmedia/4EA48FE8-FE75-4438-B151-FD7D4B80D000.jpg",
				"collection types/movies/moviesmedia/4EEDFA85-46D0-4512-83E0-E0234AA68A72.jpg",
				"collection types/movies/moviesmedia/5A77DBC4-976F-48D0-B399-AC3BA90B184C.jpg",
				"collection types/movies/moviesmedia/5ACB03DF-DAE0-4B9F-975E-89ACE9D0E7C5.jpg",
				"collection types/movies/moviesmedia/5C50693C-A242-4475-B410-3FB5770A7D37.jpg",
				"collection types/movies/moviesmedia/5C417713-F04E-4DFC-A276-5D19D497A3AF.jpg",
				"collection types/movies/moviesmedia/5CC0A8C1-EE93-4784-BCD3-877D8BC9D78D.jpg",
				"collection types/movies/moviesmedia/5CDD268A-1689-424D-B252-BE4C378A7133.jpg",
				"collection types/movies/moviesmedia/5DDE84B1-A929-4D33-89CE-1E50DF8B90D6.jpg",
				"collection types/movies/moviesmedia/5DFD79D6-D1AB-4FEF-A979-81B03526FD4D.jpg",
				"collection types/movies/moviesmedia/6A1C1D0E-274C-4864-93E9-9B2ADCA7A867.jpg",
				"collection types/movies/moviesmedia/06F975BE-656B-4E43-BB4C-42389A6F834B.jpg",
				"collection types/movies/moviesmedia/7BCD7FB4-1F50-4A79-87C7-82C42335347E.jpg",
				"collection types/movies/moviesmedia/7D693D26-6A4D-4C7F-AFF6-BEDB3BFC0C28.jpg",
				"collection types/movies/moviesmedia/7DD03BB4-9833-47D2-98FB-B8C01A652051.jpg",
				"collection types/movies/moviesmedia/7E5FA477-5DA8-4DE2-8269-545413AEF237.jpg",
				"collection types/movies/moviesmedia/07EAFCF1-39DE-4505-8965-2937E272EB3A.jpg",
				"collection types/movies/moviesmedia/7FDDCE00-115A-49B9-9EDB-C338B0F6352B.jpg",
				"collection types/movies/moviesmedia/8A6CCD0D-4529-4A54-983E-C610F6F35BBB.jpg",
				"collection types/movies/moviesmedia/8E2CD30C-65C0-4788-A6A9-CD23B70E37BC.jpg",
				"collection types/movies/moviesmedia/8F771EF3-A104-4264-9185-7A7C4C303993.jpg",
				"collection types/movies/moviesmedia/9A4FEF65-B764-4411-81B4-F30BCE3F8351.jpg",
				"collection types/movies/moviesmedia/9B0A8E8A-7FFC-49A9-ADC5-CFDBAB5BF12E.jpg",
				"collection types/movies/moviesmedia/9B838F9E-D353-41C7-BF71-1FB04B43FAC0.jpg",
				"collection types/movies/moviesmedia/9C3CC0D0-4669-40A7-B128-7FFB8E610792.jpg",
				"collection types/movies/moviesmedia/9C714B4B-50D0-4A39-AB93-4CC8452830A0.jpg",
				"collection types/movies/moviesmedia/9CFA9B08-AE18-40F7-9B82-51EDBC43DC4D.jpg",
				"collection types/movies/moviesmedia/9D414644-4FBB-4C3E-8720-51DD9D261B86.jpg",
				"collection types/movies/moviesmedia/9E941423-9286-4AE6-8686-8092253C0F2A.jpg",
				"collection types/movies/moviesmedia/10A53B31-2F65-4078-9E34-4607CD2B36B2.jpg",
				"collection types/movies/moviesmedia/11FD256A-1865-48B5-AD9C-4A05D2BF8C98.jpg",
				"collection types/movies/moviesmedia/12A0244D-FEC4-48E4-B0C7-9419CF5A3BA9.jpg",
				"collection types/movies/moviesmedia/13D05FF3-F02C-4B1B-8A83-26A67104FE28.jpg",
				"collection types/movies/moviesmedia/15E45F79-9F55-400F-8799-1A6C2DABE281.jpg",
				"collection types/movies/moviesmedia/16E1837F-1CEF-4DD9-BE35-7674C964F07E.jpg",
				"collection types/movies/moviesmedia/17E19D05-B776-40C4-ADBF-37E8029B3AD8.jpg",
				"collection types/movies/moviesmedia/20BC4C11-CBC8-4655-B2D2-BEC982D305D4.jpg",
				"collection types/movies/moviesmedia/20E448D9-86BC-4DA6-8525-8A302126B5A9.jpg",
				"collection types/movies/moviesmedia/29B2A8DB-7574-4FF3-9950-6296362E48E4.jpg",
				"collection types/movies/moviesmedia/33DB091E-93EC-4CF2-9279-C260E55E80EA.jpg",
				"collection types/movies/moviesmedia/34BE4A6A-B004-4D27-B4BF-32C7928C5BE5.jpg",
				"collection types/movies/moviesmedia/35D63FB2-7935-49C6-B407-97BCF4A2697E.jpg",
				"collection types/movies/moviesmedia/38BB5284-16F9-4220-9685-6059AE2849BC.jpg",
				"collection types/movies/moviesmedia/42C1E05B-1853-4F7F-8E3B-2115BDE860FD.jpg",
				"collection types/movies/moviesmedia/43D4857F-169C-4CB9-AEC0-E04CCC650B9F.jpg",
				"collection types/movies/moviesmedia/44F19684-59BE-4990-ABD9-368466B0E2AC.jpg",
				"collection types/movies/moviesmedia/45A5D816-22F4-40B4-9E24-7697EB4D1954.jpg",
				"collection types/movies/moviesmedia/47B3D051-0761-4288-9815-5B580B77ECA9.jpg",
				"collection types/movies/moviesmedia/48D72383-CF07-437C-9A82-76FC5149FC28.jpg",
				"collection types/movies/moviesmedia/54F1FE60-EB73-4F52-99A6-FB2CA468A123.jpg",
				"collection types/movies/moviesmedia/55F00D4D-DFF4-4210-8095-0D6FB0E4CF64.jpg",
				"collection types/movies/moviesmedia/59EE1C58-4064-48C3-94F0-7CAF19994F38.jpg",
				"collection types/movies/moviesmedia/62F0D5B1-8F84-43DB-917B-B5DFE0EEC90D.jpg",
				"collection types/movies/moviesmedia/68E30050-7886-4B21-BD1A-18CEABAA27B1.jpg",
				"collection types/movies/moviesmedia/71DCA48B-D4F7-4F51-B0C3-FF81ADF9C70E.jpg",
				"collection types/movies/moviesmedia/78BD9519-A3C2-4ABB-BB72-C70D4A30D126.jpg",
				"collection types/movies/moviesmedia/79AFDB34-A730-4D14-8507-D455B2882E74.jpg",
				"collection types/movies/moviesmedia/80CB61D6-4FDA-452C-8723-789ACDB45F5A.jpg",
				"collection types/movies/moviesmedia/80CEB27D-FD12-4C7D-A696-0994CC413648.jpg",
				"collection types/movies/moviesmedia/83A7E69E-23D0-4FC3-A722-29AB712BC3B7.jpg",
				"collection types/movies/moviesmedia/90A87380-5757-41A9-84F3-994533925287.jpg",
				"collection types/movies/moviesmedia/97F1679A-C4BA-40BF-97E5-4B711A4FB874.jpg",
				"collection types/movies/moviesmedia/106DE55C-75F9-4A6A-AA28-44F9F44337E9.jpg",
				"collection types/movies/moviesmedia/171C1F66-6685-4590-907B-DC9694064394.jpg",
				"collection types/movies/moviesmedia/260E8199-A217-496F-84BA-853564F28D6F.jpg",
				"collection types/movies/moviesmedia/284C2EDF-8FCA-47AE-9779-88524E7E08DA.jpg",
				"collection types/movies/moviesmedia/343A6BA5-770F-4535-88A5-CB21E99EF923.jpg",
				"collection types/movies/moviesmedia/388EA88C-87EA-4CFE-8F92-B62DBD2277AD.jpg",
				"collection types/movies/moviesmedia/419ECE41-CBC5-4434-99CB-6C4654175612.jpg",
				"collection types/movies/moviesmedia/522EE38D-8A1C-48FF-82A7-322855213295.jpg",
				"collection types/movies/moviesmedia/585FB074-CC93-4C77-9DCC-B5E5191E73BA.jpg",
				"collection types/movies/moviesmedia/623E9544-8B96-4981-A1AC-081E56CB83A1.jpg",
				"collection types/movies/moviesmedia/624B2F0D-FE62-4BCA-8E75-0C33FC532B00.jpg",
				"collection types/movies/moviesmedia/636BC290-AA00-4910-8102-8A7FD58537BD.jpg",
				"collection types/movies/moviesmedia/663EC730-4222-4148-BB18-FFEEA68AFDEA.jpg",
				"collection types/movies/moviesmedia/770C9A0F-9181-4F7B-9B55-D44A3BCC7FA8.jpg",
				"collection types/movies/moviesmedia/891B399D-085B-4D2E-BD2B-8E8795A63F80.jpg",
				"collection types/movies/moviesmedia/916CFF7F-79D0-4547-B76B-710AC23838AE.jpg",
				"collection types/movies/moviesmedia/991DF238-1D9C-4024-8906-08D32034D665.jpg",
				"collection types/movies/moviesmedia/996D15C7-758B-4AC9-A658-5765A2ADC037.jpg",
				"collection types/movies/moviesmedia/1639BBF2-6AE7-4E68-B6A4-82F2FC509F96.jpg",
				"collection types/movies/moviesmedia/1711AD1B-4F50-4207-A356-7B1785443551.jpg",
				"collection types/movies/moviesmedia/1973C2AD-BBC3-49E9-BF62-31B67D05909B.jpg",
				"collection types/movies/moviesmedia/4400A041-70EF-42A8-BF4B-0663EBCEF4FC.jpg",
				"collection types/movies/moviesmedia/5730A6C5-8500-4025-B685-770C2791662B.jpg",
				"collection types/movies/moviesmedia/6351F557-06F3-4903-93BF-C2EBE1F8B2F7.jpg",
				"collection types/movies/moviesmedia/7126B2AF-36A2-415C-BC7E-B855EE1155BC.jpg",
				"collection types/movies/moviesmedia/7160C5A0-20B8-4D52-BF27-062F2CA24820.jpg",
				"collection types/movies/moviesmedia/10936C35-4452-4391-9937-FE8C75E8595C.jpg",
				"collection types/movies/moviesmedia/12839C51-D97C-433B-B327-C30DB968D608.jpg",
				"collection types/movies/moviesmedia/18383CBE-A386-4B15-BF3F-EFA2C7A185DC.jpg",
				"collection types/movies/moviesmedia/64216CD6-EC09-4951-8189-29445E7D12A1.jpg",
				"collection types/movies/moviesmedia/076875AB-E6CC-41DD-89D2-DA416ED3A89E.jpg",
				"collection types/movies/moviesmedia/272332F9-2BD5-4108-A92F-14C81E3C231B.jpg",
				"collection types/movies/moviesmedia/386866A2-138E-42ED-A370-D618C0360061.jpg",
				"collection types/movies/moviesmedia/405257EF-BB20-46C3-BEFB-2A5AB679C92F.jpg",
				"collection types/movies/moviesmedia/582733D3-5AFF-43F2-964F-5558A78D5430.jpg",
				"collection types/movies/moviesmedia/0710160B-3A01-43DD-A9AD-9B76878C3282.jpg",
				"collection types/movies/moviesmedia/0772307B-D780-4551-8DC1-6A5A6F1D2EE9.jpg",
				"collection types/movies/moviesmedia/900770D7-808B-4000-ADD3-D5542FA695C4.jpg",
				"collection types/movies/moviesmedia/07455864-1A68-4887-BA3A-F62DAE11F337.jpg",
				"collection types/movies/moviesmedia/10812614-1AB2-4AEB-8277-6F7F0773B1B4.jpg",
				"collection types/movies/moviesmedia/63399161-4BBF-4E68-9EAF-E7031CEACE96.jpg",
				"collection types/movies/moviesmedia/69598790-DCCF-4170-B3DB-9340A33E395F.jpg",
				"collection types/movies/moviesmedia/83867398-4AFE-4923-AAD0-F7869294A1E9.jpg",
				"collection types/movies/moviesmedia/A02EDA9D-56B3-4E3F-B535-1A30993D89BE.jpg",
				"collection types/movies/moviesmedia/A4CAF3EB-00F3-45BC-AFD8-B2C6CBBFDDEB.jpg",
				"collection types/movies/moviesmedia/A5AF27E5-E933-41D0-8A7D-366969F8C8FB.jpg",
				"collection types/movies/moviesmedia/A5D60C44-CE9D-45C1-B110-E5971891C4DB.jpg",
				"collection types/movies/moviesmedia/A6F818F5-C65A-4E2A-BCA0-991DE68EE653.jpg",
				"collection types/movies/moviesmedia/A7EF5F3B-78F8-45E8-98AE-C69CFEB247D5.jpg",
				"collection types/movies/moviesmedia/A9FBAB22-986D-487D-B1FC-752A21B2FE6E.jpg",
				"collection types/movies/moviesmedia/A80A823D-02D7-44C3-BE18-8C9C4CF48FF5.jpg",
				"collection types/movies/moviesmedia/A82C2629-EDFA-4FE7-8290-25D9AAEF455F.jpg",
				"collection types/movies/moviesmedia/A98A4038-2D59-4FB5-A1C0-BE22B5FBA498.jpg",
				"collection types/movies/moviesmedia/A0985B53-4D70-49EF-9EB6-81AA523E4DC8.jpg",
				"collection types/movies/moviesmedia/A3797C67-950A-4513-8B12-48BF2CDA30E8.jpg",
				"collection types/movies/moviesmedia/A9198EAC-DD5B-48D5-9F19-25F1D7D5CC37.jpg",
				"collection types/movies/moviesmedia/A10208CD-0514-48DB-832D-88E3474BD439.jpg",
				"collection types/movies/moviesmedia/A5424182-C9D2-44A8-8972-B28728A2E819.jpg",
				"collection types/movies/moviesmedia/AB669709-5ACC-4222-8DA9-53857AFBC7F7.jpg",
				"collection types/movies/moviesmedia/ABEDBBFD-7524-422A-B7D1-626E7356F37A.jpg",
				"collection types/movies/moviesmedia/AC1B9F5F-34EF-4702-B947-99B42786C558.jpg",
				"collection types/movies/moviesmedia/AC86A06D-2BD3-4A79-AE64-8C69CAF50F52.jpg",
				"collection types/movies/moviesmedia/AD83EC5F-7A49-445E-9CF2-9ED7BF5768A7.jpg",
				"collection types/movies/moviesmedia/AF32C793-7D29-46B2-8627-E57273FA39DE.jpg",
				"collection types/movies/moviesmedia/AFC89021-C303-40DC-8410-CE38276E1503.jpg",
				"collection types/movies/moviesmedia/AFF9C46C-AEC7-4626-AA4E-0CFCAAA6BD92.jpg",
				"collection types/movies/moviesmedia/B0BF0030-F53F-49D3-A3F4-403A0C4604C4.jpg",
				"collection types/movies/moviesmedia/B0C67BA9-AD75-4E57-81F2-E40FC5016038.jpg",
				"collection types/movies/moviesmedia/B4F282C6-A8DB-4DDF-8F87-BD8BF92C17A7.jpg",
				"collection types/movies/moviesmedia/B6D770C0-FA3A-477F-9240-D573C320B983.jpg",
				"collection types/movies/moviesmedia/B7D53D58-0C12-4C37-AF6C-B27BF0896031.jpg",
				"collection types/movies/moviesmedia/B71FA730-D9D0-452F-8302-0FC0AFF0F6A6.jpg",
				"collection types/movies/moviesmedia/B310EB59-72C1-45C2-9ACD-E3FA283484EF.jpg",
				"collection types/movies/moviesmedia/B12309DB-97B3-447D-A441-BC51CB15EE44.jpg",
				"collection types/movies/moviesmedia/BA6769CC-F9C1-4CBC-A07A-3E63A65FBDC7.jpg",
				"collection types/movies/moviesmedia/BACC2C07-B84B-4578-892E-3FB2C270E267.jpg",
				"collection types/movies/moviesmedia/BB4A3C57-5A62-499E-B8A1-18CE24B6D648.jpg",
				"collection types/movies/moviesmedia/C4B0E353-2434-4EF4-AEC1-9845640B7EAF.jpg",
				"collection types/movies/moviesmedia/C46C8E1D-5C87-4821-91CA-B943127E1802.jpg",
				"collection types/movies/moviesmedia/C087A8CE-8AB0-442D-BE3E-8DA7FE037E36.jpg",
				"collection types/movies/moviesmedia/CB2C610E-DBCA-4D33-91B7-A17F5E7CB637.jpg",
				"collection types/movies/moviesmedia/CB81B4CD-9C26-4AED-9239-FB939F4333B2.jpg",
				"collection types/movies/moviesmedia/CBEF81BC-BD89-4C15-9A49-6FAC7D488D4C.jpg",
				"collection types/movies/moviesmedia/CCCB299D-042F-42D2-9E28-9860D6D32AE1.jpg",
				"collection types/movies/moviesmedia/CD8DA02C-A21B-4E7E-A668-3961D54F4880.jpg",
				"collection types/movies/moviesmedia/CD39BA13-9377-48E7-894A-25A88FA033E7.jpg",
				"collection types/movies/moviesmedia/CDFEAA78-41AB-4D48-8F74-4A779C2CA732.jpg",
				"collection types/movies/moviesmedia/CE610B90-11F9-4502-ADCA-11F849502549.jpg",
				"collection types/movies/moviesmedia/D7FF4112-B764-47C4-9D17-4974608F7A90.jpg",
				"collection types/movies/moviesmedia/D08DE83D-54EA-4272-8292-5C4127F1F082.jpg",
				"collection types/movies/moviesmedia/D9A27526-832E-4167-9D1F-07225EEEF66C.jpg",
				"collection types/movies/moviesmedia/D78B96B6-F84A-48B6-81FC-0D065EF96C97.jpg",
				"collection types/movies/moviesmedia/D6794D57-D639-42A1-9236-474F093916BC.jpg",
				"collection types/movies/moviesmedia/DB14EA7F-079A-40D9-9125-3D92010DF80F.jpg",
				"collection types/movies/moviesmedia/DB693A0A-B611-4B52-B3B8-16868000E8B1.jpg",
				"collection types/movies/moviesmedia/DC030410-DAE8-44BC-A32F-3C77C701335F.jpg",
				"collection types/movies/moviesmedia/DCFB60BB-324A-41C3-912A-96DB752C638B.jpg",
				"collection types/movies/moviesmedia/DCFDCFFB-E341-43B0-9F81-70D4670E5125.jpg",
				"collection types/movies/moviesmedia/DDEC917C-B1C1-42BD-9976-A8D106E1C855.jpg",
				"collection types/movies/moviesmedia/DE2C783C-10D5-49F0-BE9D-F2BC6360DB00.jpg",
				"collection types/movies/moviesmedia/DF545E98-1FE0-4BF3-8367-4CE03D4FA329.jpg",
				"collection types/movies/moviesmedia/E3B73CA6-7F68-4498-8BD0-52C90CA72A2C.jpg",
				"collection types/movies/moviesmedia/E6F327D9-384D-4358-92FC-E0027B49E070.jpg",
				"collection types/movies/moviesmedia/E8CF001E-15DB-4A2A-932C-088CF466B527.jpg",
				"collection types/movies/moviesmedia/E9D5AFF6-F3C7-4AA2-928F-632FEE3D29BE.jpg",
				"collection types/movies/moviesmedia/E29F5D7C-C039-440F-A6E3-CCFA590222BA.jpg",
				"collection types/movies/moviesmedia/E85D398F-1D8A-4252-B16A-2C4764693418.jpg",
				"collection types/movies/moviesmedia/E7570A6E-BECA-4617-A378-D0A82CDA18B0.jpg",
				"collection types/movies/moviesmedia/E8949C14-5297-44FB-9BDF-7FACFEC220A4.jpg",
				"collection types/movies/moviesmedia/E68555F3-976E-423C-8E29-4DFB2E9A7168.jpg",
				"collection types/movies/moviesmedia/EAC15FD0-651F-436C-B5BF-FBBC9047F11B.jpg",
				"collection types/movies/moviesmedia/EB73C91C-1C2E-4255-8A7F-21BF5229FFD5.jpg",
				"collection types/movies/moviesmedia/EC88DF1D-F829-4D8A-9F5B-D11392302991.jpg",
				"collection types/movies/moviesmedia/ED269FA2-5DF3-45D7-8916-038903267D53.jpg",
				"collection types/movies/moviesmedia/EDBDADCB-3B04-4E4A-974D-10C3F1757D4D.jpg",
				"collection types/movies/moviesmedia/EE8A70DA-3A62-4174-BF67-D68809224FEF.jpg",
				"collection types/movies/moviesmedia/EE22F980-65C2-4027-B297-033FF1B55B73.jpg",
				"collection types/movies/moviesmedia/EEF5007F-6C80-4432-8AA4-B6F49A4FD6AB.jpg",
				"collection types/movies/moviesmedia/EF05F494-F2DB-49A3-BFED-A34838D7E3A6.jpg",
				"collection types/movies/moviesmedia/F00FF94E-54AB-4746-A1B4-937C13BC9DB8.jpg",
				"collection types/movies/moviesmedia/F01ED345-5288-42B8-B965-14A252F37710.jpg",
				"collection types/movies/moviesmedia/F1EF9825-4727-4ED5-84DF-D1AFF7385DFB.jpg",
				"collection types/movies/moviesmedia/F2C9A0F3-E2AC-4069-A755-FDFE36C72F54.jpg",
				"collection types/movies/moviesmedia/F3AC1BC1-CAF6-442F-8DCE-2853186EF471.jpg",
				"collection types/movies/moviesmedia/F5C1421A-534F-490D-80B6-F451CFF2B7E3.jpg",
				"collection types/movies/moviesmedia/F6BFE906-43B0-49E2-8DAF-37D0404509C0.jpg",
				"collection types/movies/moviesmedia/F36A90F0-10F5-42C2-9548-28CE98E24477.jpg",
				"collection types/movies/moviesmedia/F82F59BD-FABA-49A0-85A2-065147056C9A.jpg",
				"collection types/movies/moviesmedia/F105F1DD-AC03-47E2-B072-F2504D34F2F0.jpg",
				"collection types/movies/moviesmedia/F639CA36-560E-447B-BD12-CCD6E7C11D33.jpg",
				"collection types/movies/moviesmedia/F0988C49-4BFC-4652-92BA-635B46997232.jpg",
				"collection types/movies/moviesmedia/F48633F3-C45C-45D2-9256-B579AFE87D4B.jpg",
				"collection types/movies/moviesmedia/F4547173-71F0-4161-9404-27DD799BBF42.jpg",
				"collection types/movies/moviesmedia/F8386074-CABC-409F-A967-5CD3446D078A.jpg",
				"collection types/movies/moviesmedia/FAF847A9-6B02-4194-AE99-2F8F7A49A3E8.jpg",
				"collection types/movies/moviesmedia/FB7FA90C-6C82-49EB-8688-3B4633E442CC.jpg",
				"collection types/movies/moviesmedia/FCCD6AB1-53B4-4FA9-8EE0-82DDE1087544.jpg",
				"collection types/movies/moviesmedia/FF298712-15AD-4F0A-B567-7F64D2D950C0.jpg",
			);
			target = 3D4C53642A4FD13D003E334F /* Stash House */;
		};
/* End PBXFileSystemSynchronizedBuildFileExceptionSet section */

/* Begin PBXFileSystemSynchronizedRootGroup section */
		3D0D3FAE2D93BE4900F0634C /* Utilities */ = {isa = PBXFileSystemSynchronizedRootGroup; exceptions = (3DB86E572D9E43C30077C085 /* PBXFileSystemSynchronizedBuildFileExceptionSet */, ); explicitFileTypes = {}; explicitFolders = (); path = Utilities; sourceTree = "<group>"; };
		3D0D3FB82D93BEAD00F0634C /* App */ = {isa = PBXFileSystemSynchronizedRootGroup; explicitFileTypes = {}; explicitFolders = (); path = App; sourceTree = "<group>"; };
		3D0D3FC72D93BF0C00F0634C /* Services */ = {isa = PBXFileSystemSynchronizedRootGroup; explicitFileTypes = {}; explicitFolders = (); path = Services; sourceTree = "<group>"; };
		3D3263202D7B2D1800C2F72E /* Models */ = {isa = PBXFileSystemSynchronizedRootGroup; explicitFileTypes = {}; explicitFolders = (); path = Models; sourceTree = "<group>"; };
		3D3263232D7B2D8300C2F72E /* Resources */ = {isa = PBXFileSystemSynchronizedRootGroup; explicitFileTypes = {}; explicitFolders = (); path = Resources; sourceTree = "<group>"; };
		3D3263242D7B2DF200C2F72E /* Supporting Files */ = {isa = PBXFileSystemSynchronizedRootGroup; exceptions = (3D8441EE2D7CF1CF00C70DEE /* PBXFileSystemSynchronizedBuildFileExceptionSet */, ); explicitFileTypes = {}; explicitFolders = (); path = "Supporting Files"; sourceTree = "<group>"; };
		3DA3CF4D2D7B5031009C0E0C /* Views */ = {isa = PBXFileSystemSynchronizedRootGroup; explicitFileTypes = {}; explicitFolders = (); path = Views; sourceTree = "<group>"; };
/* End PBXFileSystemSynchronizedRootGroup section */

/* Begin PBXFrameworksBuildPhase section */
		3D4C53622A4FD13D003E334F /* Frameworks */ = {
			isa = PBXFrameworksBuildPhase;
			buildActionMask = 2147483647;
			files = (
				3DA7DEBB2D7D33B9005AA052 /* CodeScanner in Frameworks */,
				3DD9D00C2D7CB7A1000647E8 /* TMDb in Frameworks */,
				3DD9D01B2D7CD73E000647E8 /* TMDb in Frameworks */,
				3DD9D00F2D7CC9C7000647E8 /* TMDBSwift in Frameworks */,
			);
			runOnlyForDeploymentPostprocessing = 0;
		};
/* End PBXFrameworksBuildPhase section */

/* Begin PBXGroup section */
		3D4C535C2A4FD13D003E334F = {
			isa = PBXGroup;
			children = (
				3D4C53672A4FD13D003E334F /* Stash House */,
				3D4C53662A4FD13D003E334F /* Products */,
			);
			sourceTree = "<group>";
		};
		3D4C53662A4FD13D003E334F /* Products */ = {
			isa = PBXGroup;
			children = (
				3D4C53652A4FD13D003E334F /* Stash House.app */,
			);
			name = Products;
			sourceTree = "<group>";
		};
		3D4C53672A4FD13D003E334F /* Stash House */ = {
			isa = PBXGroup;
			children = (
				3D0D3FB82D93BEAD00F0634C /* App */,
				3D0D3FAE2D93BE4900F0634C /* Utilities */,
				3D0D3FC72D93BF0C00F0634C /* Services */,
				3D3263202D7B2D1800C2F72E /* Models */,
				3DA3CF4D2D7B5031009C0E0C /* Views */,
				3D3263232D7B2D8300C2F72E /* Resources */,
				3D3263242D7B2DF200C2F72E /* Supporting Files */,
			);
			path = "Stash House";
			sourceTree = "<group>";
		};
/* End PBXGroup section */

/* Begin PBXNativeTarget section */
		3D4C53642A4FD13D003E334F /* Stash House */ = {
			isa = PBXNativeTarget;
			buildConfigurationList = 3D4C53732A4FD13F003E334F /* Build configuration list for PBXNativeTarget "Stash House" */;
			buildPhases = (
				3D4C53612A4FD13D003E334F /* Sources */,
				3D4C53622A4FD13D003E334F /* Frameworks */,
				3D4C53632A4FD13D003E334F /* Resources */,
			);
			buildRules = (
			);
			dependencies = (
			);
			fileSystemSynchronizedGroups = (
				3D0D3FAE2D93BE4900F0634C /* Utilities */,
				3D0D3FB82D93BEAD00F0634C /* App */,
				3D0D3FC72D93BF0C00F0634C /* Services */,
				3D3263202D7B2D1800C2F72E /* Models */,
				3D3263232D7B2D8300C2F72E /* Resources */,
				3D3263242D7B2DF200C2F72E /* Supporting Files */,
				3DA3CF4D2D7B5031009C0E0C /* Views */,
			);
			name = "Stash House";
			productName = "Stash House";
			productReference = 3D4C53652A4FD13D003E334F /* Stash House.app */;
			productType = "com.apple.product-type.application";
		};
/* End PBXNativeTarget section */

/* Begin PBXProject section */
		3D4C535D2A4FD13D003E334F /* Project object */ = {
			isa = PBXProject;
			attributes = {
				BuildIndependentTargetsInParallel = 1;
				LastSwiftUpdateCheck = 1430;
				LastUpgradeCheck = 1630;
				TargetAttributes = {
					3D4C53642A4FD13D003E334F = {
						CreatedOnToolsVersion = 14.3.1;
					};
				};
			};
			buildConfigurationList = 3D4C53602A4FD13D003E334F /* Build configuration list for PBXProject "Stash House" */;
			compatibilityVersion = "Xcode 14.0";
			developmentRegion = en;
			hasScannedForEncodings = 0;
			knownRegions = (
				en,
				Base,
			);
			mainGroup = 3D4C535C2A4FD13D003E334F;
			packageReferences = (
				3DD9D00D2D7CC9C7000647E8 /* XCRemoteSwiftPackageReference "TheMovieDatabaseSwiftWrapper" */,
				3DD9D0192D7CD73E000647E8 /* XCRemoteSwiftPackageReference "TMDb" */,
				3DA7DEB92D7D33B9005AA052 /* XCRemoteSwiftPackageReference "CodeScanner" */,
			);
			productRefGroup = 3D4C53662A4FD13D003E334F /* Products */;
			projectDirPath = "";
			projectRoot = "";
			targets = (
				3D4C53642A4FD13D003E334F /* Stash House */,
			);
		};
/* End PBXProject section */

/* Begin PBXResourcesBuildPhase section */
		3D4C53632A4FD13D003E334F /* Resources */ = {
			isa = PBXResourcesBuildPhase;
			buildActionMask = 2147483647;
			files = (
			);
			runOnlyForDeploymentPostprocessing = 0;
		};
/* End PBXResourcesBuildPhase section */

/* Begin PBXSourcesBuildPhase section */
		3D4C53612A4FD13D003E334F /* Sources */ = {
			isa = PBXSourcesBuildPhase;
			buildActionMask = 2147483647;
			files = (
			);
			runOnlyForDeploymentPostprocessing = 0;
		};
/* End PBXSourcesBuildPhase section */

/* Begin XCBuildConfiguration section */
		3D4C53712A4FD13F003E334F /* Debug */ = {
			isa = XCBuildConfiguration;
			baseConfigurationReferenceAnchor = 3D3263242D7B2DF200C2F72E /* Supporting Files */;
			baseConfigurationReferenceRelativePath = "Configuration Files/Config.xcconfig";
			buildSettings = {
				ALWAYS_SEARCH_USER_PATHS = NO;
				ASSETCATALOG_COMPILER_GENERATE_SWIFT_ASSET_SYMBOL_EXTENSIONS = YES;
				CLANG_ANALYZER_NONNULL = YES;
				CLANG_ANALYZER_NUMBER_OBJECT_CONVERSION = YES_AGGRESSIVE;
				CLANG_CXX_LANGUAGE_STANDARD = "gnu++20";
				CLANG_ENABLE_MODULES = YES;
				CLANG_ENABLE_OBJC_ARC = YES;
				CLANG_ENABLE_OBJC_WEAK = YES;
				CLANG_WARN_BLOCK_CAPTURE_AUTORELEASING = YES;
				CLANG_WARN_BOOL_CONVERSION = YES;
				CLANG_WARN_COMMA = YES;
				CLANG_WARN_CONSTANT_CONVERSION = YES;
				CLANG_WARN_DEPRECATED_OBJC_IMPLEMENTATIONS = YES;
				CLANG_WARN_DIRECT_OBJC_ISA_USAGE = YES_ERROR;
				CLANG_WARN_DOCUMENTATION_COMMENTS = YES;
				CLANG_WARN_EMPTY_BODY = YES;
				CLANG_WARN_ENUM_CONVERSION = YES;
				CLANG_WARN_INFINITE_RECURSION = YES;
				CLANG_WARN_INT_CONVERSION = YES;
				CLANG_WARN_NON_LITERAL_NULL_CONVERSION = YES;
				CLANG_WARN_OBJC_IMPLICIT_RETAIN_SELF = YES;
				CLANG_WARN_OBJC_LITERAL_CONVERSION = YES;
				CLANG_WARN_OBJC_ROOT_CLASS = YES_ERROR;
				CLANG_WARN_QUOTED_INCLUDE_IN_FRAMEWORK_HEADER = YES;
				CLANG_WARN_RANGE_LOOP_ANALYSIS = YES;
				CLANG_WARN_STRICT_PROTOTYPES = YES;
				CLANG_WARN_SUSPICIOUS_MOVE = YES;
				CLANG_WARN_UNGUARDED_AVAILABILITY = YES_AGGRESSIVE;
				CLANG_WARN_UNREACHABLE_CODE = YES;
				CLANG_WARN__DUPLICATE_METHOD_MATCH = YES;
				COPY_PHASE_STRIP = NO;
				DEBUG_INFORMATION_FORMAT = dwarf;
				DEVELOPMENT_TEAM = 6CD78A686T;
				ENABLE_STRICT_OBJC_MSGSEND = YES;
				ENABLE_TESTABILITY = YES;
				ENABLE_USER_SCRIPT_SANDBOXING = YES;
				GCC_C_LANGUAGE_STANDARD = gnu11;
				GCC_DYNAMIC_NO_PIC = NO;
				GCC_NO_COMMON_BLOCKS = YES;
				GCC_OPTIMIZATION_LEVEL = 0;
				GCC_PREPROCESSOR_DEFINITIONS = (
					"DEBUG=1",
					"$(inherited)",
				);
				GCC_WARN_64_TO_32_BIT_CONVERSION = YES;
				GCC_WARN_ABOUT_RETURN_TYPE = YES_ERROR;
				GCC_WARN_UNDECLARED_SELECTOR = YES;
				GCC_WARN_UNINITIALIZED_AUTOS = YES_AGGRESSIVE;
				GCC_WARN_UNUSED_FUNCTION = YES;
				GCC_WARN_UNUSED_VARIABLE = YES;
				INFOPLIST_FILE = "";
				IPHONEOS_DEPLOYMENT_TARGET = 16.4;
				MTL_ENABLE_DEBUG_INFO = INCLUDE_SOURCE;
				MTL_FAST_MATH = YES;
				ONLY_ACTIVE_ARCH = YES;
				SDKROOT = iphoneos;
				SWIFT_ACTIVE_COMPILATION_CONDITIONS = DEBUG;
				SWIFT_OPTIMIZATION_LEVEL = "-Onone";
			};
			name = Debug;
		};
		3D4C53722A4FD13F003E334F /* Release */ = {
			isa = XCBuildConfiguration;
			baseConfigurationReferenceAnchor = 3D3263242D7B2DF200C2F72E /* Supporting Files */;
			baseConfigurationReferenceRelativePath = "Configuration Files/Config.xcconfig";
			buildSettings = {
				ALWAYS_SEARCH_USER_PATHS = NO;
				ASSETCATALOG_COMPILER_GENERATE_SWIFT_ASSET_SYMBOL_EXTENSIONS = YES;
				CLANG_ANALYZER_NONNULL = YES;
				CLANG_ANALYZER_NUMBER_OBJECT_CONVERSION = YES_AGGRESSIVE;
				CLANG_CXX_LANGUAGE_STANDARD = "gnu++20";
				CLANG_ENABLE_MODULES = YES;
				CLANG_ENABLE_OBJC_ARC = YES;
				CLANG_ENABLE_OBJC_WEAK = YES;
				CLANG_WARN_BLOCK_CAPTURE_AUTORELEASING = YES;
				CLANG_WARN_BOOL_CONVERSION = YES;
				CLANG_WARN_COMMA = YES;
				CLANG_WARN_CONSTANT_CONVERSION = YES;
				CLANG_WARN_DEPRECATED_OBJC_IMPLEMENTATIONS = YES;
				CLANG_WARN_DIRECT_OBJC_ISA_USAGE = YES_ERROR;
				CLANG_WARN_DOCUMENTATION_COMMENTS = YES;
				CLANG_WARN_EMPTY_BODY = YES;
				CLANG_WARN_ENUM_CONVERSION = YES;
				CLANG_WARN_INFINITE_RECURSION = YES;
				CLANG_WARN_INT_CONVERSION = YES;
				CLANG_WARN_NON_LITERAL_NULL_CONVERSION = YES;
				CLANG_WARN_OBJC_IMPLICIT_RETAIN_SELF = YES;
				CLANG_WARN_OBJC_LITERAL_CONVERSION = YES;
				CLANG_WARN_OBJC_ROOT_CLASS = YES_ERROR;
				CLANG_WARN_QUOTED_INCLUDE_IN_FRAMEWORK_HEADER = YES;
				CLANG_WARN_RANGE_LOOP_ANALYSIS = YES;
				CLANG_WARN_STRICT_PROTOTYPES = YES;
				CLANG_WARN_SUSPICIOUS_MOVE = YES;
				CLANG_WARN_UNGUARDED_AVAILABILITY = YES_AGGRESSIVE;
				CLANG_WARN_UNREACHABLE_CODE = YES;
				CLANG_WARN__DUPLICATE_METHOD_MATCH = YES;
				COPY_PHASE_STRIP = NO;
				DEBUG_INFORMATION_FORMAT = "dwarf-with-dsym";
				DEVELOPMENT_TEAM = 6CD78A686T;
				ENABLE_NS_ASSERTIONS = NO;
				ENABLE_STRICT_OBJC_MSGSEND = YES;
				ENABLE_USER_SCRIPT_SANDBOXING = YES;
				GCC_C_LANGUAGE_STANDARD = gnu11;
				GCC_NO_COMMON_BLOCKS = YES;
				GCC_WARN_64_TO_32_BIT_CONVERSION = YES;
				GCC_WARN_ABOUT_RETURN_TYPE = YES_ERROR;
				GCC_WARN_UNDECLARED_SELECTOR = YES;
				GCC_WARN_UNINITIALIZED_AUTOS = YES_AGGRESSIVE;
				GCC_WARN_UNUSED_FUNCTION = YES;
				GCC_WARN_UNUSED_VARIABLE = YES;
				INFOPLIST_FILE = "";
				IPHONEOS_DEPLOYMENT_TARGET = 16.4;
				MTL_ENABLE_DEBUG_INFO = NO;
				MTL_FAST_MATH = YES;
				SDKROOT = iphoneos;
				SWIFT_COMPILATION_MODE = wholemodule;
				SWIFT_OPTIMIZATION_LEVEL = "-O";
				VALIDATE_PRODUCT = YES;
			};
			name = Release;
		};
		3D4C53742A4FD13F003E334F /* Debug */ = {
			isa = XCBuildConfiguration;
			buildSettings = {
				ASSETCATALOG_COMPILER_APPICON_NAME = AppIcon;
				ASSETCATALOG_COMPILER_GLOBAL_ACCENT_COLOR_NAME = AccentColor;
				CODE_SIGN_STYLE = Automatic;
				CURRENT_PROJECT_VERSION = 1;
				DEVELOPMENT_ASSET_PATHS = "\"Stash House/Resources/Preview Content\"";
				ENABLE_PREVIEWS = YES;
				GENERATE_INFOPLIST_FILE = YES;
				INFOPLIST_FILE = "Stash House/Supporting Files/Configuration Files/Stash-House-Info.plist";
				INFOPLIST_KEY_NSCameraUsageDescription = "We need access to your camera to scan barcodes and allow images to be uploaded";
				INFOPLIST_KEY_UIApplicationSceneManifest_Generation = YES;
				INFOPLIST_KEY_UIApplicationSupportsIndirectInputEvents = YES;
				INFOPLIST_KEY_UILaunchScreen_Generation = YES;
				INFOPLIST_KEY_UISupportedInterfaceOrientations_iPad = "UIInterfaceOrientationPortrait UIInterfaceOrientationPortraitUpsideDown UIInterfaceOrientationLandscapeLeft UIInterfaceOrientationLandscapeRight";
				INFOPLIST_KEY_UISupportedInterfaceOrientations_iPhone = "UIInterfaceOrientationPortrait UIInterfaceOrientationLandscapeLeft UIInterfaceOrientationLandscapeRight";
				INFOPLIST_KEY_UISupportsDocumentBrowser = YES;
				LD_RUNPATH_SEARCH_PATHS = (
					"$(inherited)",
					"@executable_path/Frameworks",
				);
				MARKETING_VERSION = 1.0;
				PRODUCT_BUNDLE_IDENTIFIER = "Justin-Trubela.Stash-House";
				PRODUCT_NAME = "$(TARGET_NAME)";
				SUPPORTED_PLATFORMS = "iphoneos iphonesimulator";
				SUPPORTS_MACCATALYST = NO;
				SUPPORTS_XR_DESIGNED_FOR_IPHONE_IPAD = NO;
				SWIFT_EMIT_LOC_STRINGS = YES;
				SWIFT_VERSION = 5.0;
				TARGETED_DEVICE_FAMILY = "1,2";
			};
			name = Debug;
		};
		3D4C53752A4FD13F003E334F /* Release */ = {
			isa = XCBuildConfiguration;
			buildSettings = {
				ASSETCATALOG_COMPILER_APPICON_NAME = AppIcon;
				ASSETCATALOG_COMPILER_GLOBAL_ACCENT_COLOR_NAME = AccentColor;
				CODE_SIGN_STYLE = Automatic;
				CURRENT_PROJECT_VERSION = 1;
				DEVELOPMENT_ASSET_PATHS = "\"Stash House/Resources/Preview Content\"";
				ENABLE_PREVIEWS = YES;
				GENERATE_INFOPLIST_FILE = YES;
				INFOPLIST_FILE = "Stash House/Supporting Files/Configuration Files/Stash-House-Info.plist";
				INFOPLIST_KEY_NSCameraUsageDescription = "We need access to your camera to scan barcodes and allow images to be uploaded";
				INFOPLIST_KEY_UIApplicationSceneManifest_Generation = YES;
				INFOPLIST_KEY_UIApplicationSupportsIndirectInputEvents = YES;
				INFOPLIST_KEY_UILaunchScreen_Generation = YES;
				INFOPLIST_KEY_UISupportedInterfaceOrientations_iPad = "UIInterfaceOrientationPortrait UIInterfaceOrientationPortraitUpsideDown UIInterfaceOrientationLandscapeLeft UIInterfaceOrientationLandscapeRight";
				INFOPLIST_KEY_UISupportedInterfaceOrientations_iPhone = "UIInterfaceOrientationPortrait UIInterfaceOrientationLandscapeLeft UIInterfaceOrientationLandscapeRight";
				INFOPLIST_KEY_UISupportsDocumentBrowser = YES;
				LD_RUNPATH_SEARCH_PATHS = (
					"$(inherited)",
					"@executable_path/Frameworks",
				);
				MARKETING_VERSION = 1.0;
				PRODUCT_BUNDLE_IDENTIFIER = "Justin-Trubela.Stash-House";
				PRODUCT_NAME = "$(TARGET_NAME)";
				SUPPORTED_PLATFORMS = "iphoneos iphonesimulator";
				SUPPORTS_MACCATALYST = NO;
				SUPPORTS_XR_DESIGNED_FOR_IPHONE_IPAD = NO;
				SWIFT_EMIT_LOC_STRINGS = YES;
				SWIFT_VERSION = 5.0;
				TARGETED_DEVICE_FAMILY = "1,2";
			};
			name = Release;
		};
/* End XCBuildConfiguration section */

/* Begin XCConfigurationList section */
		3D4C53602A4FD13D003E334F /* Build configuration list for PBXProject "Stash House" */ = {
			isa = XCConfigurationList;
			buildConfigurations = (
				3D4C53712A4FD13F003E334F /* Debug */,
				3D4C53722A4FD13F003E334F /* Release */,
			);
			defaultConfigurationIsVisible = 0;
			defaultConfigurationName = Release;
		};
		3D4C53732A4FD13F003E334F /* Build configuration list for PBXNativeTarget "Stash House" */ = {
			isa = XCConfigurationList;
			buildConfigurations = (
				3D4C53742A4FD13F003E334F /* Debug */,
				3D4C53752A4FD13F003E334F /* Release */,
			);
			defaultConfigurationIsVisible = 0;
			defaultConfigurationName = Release;
		};
/* End XCConfigurationList section */

/* Begin XCRemoteSwiftPackageReference section */
		3DA7DEB92D7D33B9005AA052 /* XCRemoteSwiftPackageReference "CodeScanner" */ = {
			isa = XCRemoteSwiftPackageReference;
			repositoryURL = "https://github.com/twostraws/CodeScanner.git";
			requirement = {
				kind = upToNextMajorVersion;
				minimumVersion = 2.5.2;
			};
		};
		3DD9D00A2D7CB7A1000647E8 /* XCRemoteSwiftPackageReference "TMDb" */ = {
			isa = XCRemoteSwiftPackageReference;
			repositoryURL = "https://github.com/adamayoung/TMDb";
			requirement = {
				kind = upToNextMajorVersion;
				minimumVersion = 13.3.0;
			};
		};
		3DD9D00D2D7CC9C7000647E8 /* XCRemoteSwiftPackageReference "TheMovieDatabaseSwiftWrapper" */ = {
			isa = XCRemoteSwiftPackageReference;
			repositoryURL = "https://github.com/gkye/TheMovieDatabaseSwiftWrapper";
			requirement = {
				kind = upToNextMajorVersion;
				minimumVersion = 0.7.0;
			};
		};
		3DD9D0192D7CD73E000647E8 /* XCRemoteSwiftPackageReference "TMDb" */ = {
			isa = XCRemoteSwiftPackageReference;
			repositoryURL = "https://github.com/adamayoung/TMDb";
			requirement = {
				kind = upToNextMajorVersion;
				minimumVersion = 13.3.0;
			};
		};
/* End XCRemoteSwiftPackageReference section */

/* Begin XCSwiftPackageProductDependency section */
		3DA7DEBA2D7D33B9005AA052 /* CodeScanner */ = {
			isa = XCSwiftPackageProductDependency;
			package = 3DA7DEB92D7D33B9005AA052 /* XCRemoteSwiftPackageReference "CodeScanner" */;
			productName = CodeScanner;
		};
		3DD9D00B2D7CB7A1000647E8 /* TMDb */ = {
			isa = XCSwiftPackageProductDependency;
			package = 3DD9D00A2D7CB7A1000647E8 /* XCRemoteSwiftPackageReference "TMDb" */;
			productName = TMDb;
		};
		3DD9D00E2D7CC9C7000647E8 /* TMDBSwift */ = {
			isa = XCSwiftPackageProductDependency;
			package = 3DD9D00D2D7CC9C7000647E8 /* XCRemoteSwiftPackageReference "TheMovieDatabaseSwiftWrapper" */;
			productName = TMDBSwift;
		};
		3DD9D01A2D7CD73E000647E8 /* TMDb */ = {
			isa = XCSwiftPackageProductDependency;
			package = 3DD9D0192D7CD73E000647E8 /* XCRemoteSwiftPackageReference "TMDb" */;
			productName = TMDb;
		};
/* End XCSwiftPackageProductDependency section */
	};
	rootObject = 3D4C535D2A4FD13D003E334F /* Project object */;
}
